Microsoft Visual Studio Solution File, Format Version 12.00
# Visual Studio Version 17
VisualStudioVersion = 17.0.31903.59
MinimumVisualStudioVersion = 10.0.40219.1
Project("{FAE04EC0-301F-11D3-BF4B-00C04F79EFBC}") = "TimeLoggerPluginAPI", "TimeLoggerPluginAPI\TimeLoggerPluginAPI.csproj", "{5BC731B6-D7CF-4E4F-A0B5-3C89A87236D3}"
EndProject
Global
	GlobalSection(SolutionConfigurationPlatforms) = preSolution
		Debug|Any CPU = Debug|Any CPU
		Release|Any CPU = Release|Any CPU
	EndGlobalSection
	GlobalSection(ProjectConfigurationPlatforms) = postSolution
		{5BC731B6-D7CF-4E4F-A0B5-3C89A87236D3}.Debug|Any CPU.ActiveCfg = Debug|Any CPU
		{5BC731B6-D7CF-4E4F-A0B5-3C89A87236D3}.Debug|Any CPU.Build.0 = Debug|Any CPU
		{5BC731B6-D7CF-4E4F-A0B5-3C89A87236D3}.Release|Any CPU.ActiveCfg = Release|Any CPU
		{5BC731B6-D7CF-4E4F-A0B5-3C89A87236D3}.Release|Any CPU.Build.0 = Release|Any CPU
	EndGlobalSection
	GlobalSection(SolutionProperties) = preSolution
		HideSolutionNode = FALSE
	EndGlobalSection
	GlobalSection(ExtensibilityGlobals) = postSolution
		SolutionGuid = {A61C20F3-4B35-41C5-8F74-C2F6B8F49A4B}
	EndGlobalSection
EndGlobal