
Microsoft Visual Studio Solution File, Format Version 12.00
# Visual Studio Version 16
VisualStudioVersion = 16.0.35731.53
MinimumVisualStudioVersion = 10.0.40219.1
Project("{FAE04EC0-301F-11D3-BF4B-00C04F79EFBC}") = "TimeLoggerPluginAPI", "TimeLoggerPluginAPI.csproj", "{6591D2F1-F3A6-4DF6-A5FA-9C391E15A64D}"
EndProject
Global
	GlobalSection(SolutionConfigurationPlatforms) = preSolution
		Debug|Any CPU = Debug|Any CPU
		Release|Any CPU = Release|Any CPU
	EndGlobalSection
	GlobalSection(ProjectConfigurationPlatforms) = postSolution
		{6591D2F1-F3A6-4DF6-A5FA-9C391E15A64D}.Debug|Any CPU.ActiveCfg = Debug|Any CPU
		{6591D2F1-F3A6-4DF6-A5FA-9C391E15A64D}.Debug|Any CPU.Build.0 = Debug|Any CPU
		{6591D2F1-F3A6-4DF6-A5FA-9C391E15A64D}.Release|Any CPU.ActiveCfg = Release|Any CPU
		{6591D2F1-F3A6-4DF6-A5FA-9C391E15A64D}.Release|Any CPU.Build.0 = Release|Any CPU
	EndGlobalSection
	GlobalSection(SolutionProperties) = preSolution
		HideSolutionNode = FALSE
	EndGlobalSection
	GlobalSection(ExtensibilityGlobals) = postSolution
		SolutionGuid = {F5A5EFE2-BCA0-4E4E-B002-6C5D9765F03F}
	EndGlobalSection
EndGlobal
